PODS:
  - Alamofire (5.10.2)
  - CryptoSwift (1.8.4)
  - ObjectMapper (4.2.0)
  - SDWebImage (5.21.0):
    - SDWebImage/Core (= 5.21.0)
  - SDWebImage/Core (5.21.0)
  - SnapKit (5.7.1)
  - SQLite.swift (0.15.3):
    - SQLite.swift/standard (= 0.15.3)
  - SwiftEventBus (5.0.0)
  - SwiftyJSON (5.0.2)
  - YBImageBrowser (3.0.9):
    - YBImageBrowser/Core (= 3.0.9)
  - YBImageBrowser/Core (3.0.9):
    - SDWebImage (>= 5.0.0)
    - YYImage
  - YYImage (1.0.4):
    - YYImage/Core (= 1.0.4)
  - YYImage/Core (1.0.4)

DEPENDENCIES:
  - Alamofire
  - CryptoSwift
  - ObjectMapper
  - SDWebImage
  - SnapKit
  - SQLite.swift
  - SwiftEventBus
  - SwiftyJSON
  - YBImageBrowser

SPEC REPOS:
  https://github.com/CocoaPods/Specs.git:
    - Alamofire
    - CryptoSwift
    - ObjectMapper
    - SDWebImage
    - SnapKit
    - SQLite.swift
    - SwiftEventBus
    - SwiftyJSON
    - YBImageBrowser
    - YYImage

SPEC CHECKSUMS:
  Alamofire: 7193b3b92c74a07f85569e1a6c4f4237291e7496
  CryptoSwift: e64e11850ede528a02a0f3e768cec8e9d92ecb90
  ObjectMapper: 1eb41f610210777375fa806bf161dc39fb832b81
  SDWebImage: f84b0feeb08d2d11e6a9b843cb06d75ebf5b8868
  SnapKit: d612e99e678a2d3b95bf60b0705ed0a35c03484a
  SQLite.swift: 8d054987f02728cc912b0eb5a9659650573a65a2
  SwiftEventBus: b30f617a6aca5a9336464b4d3f5931034762f2d5
  SwiftyJSON: f5b1bf1cd8dd53cd25887ac0eabcfd92301c6a5a
  YBImageBrowser: 7ecc8bf33ffa5f3b94c397c29b4f3638dd37f527
  YYImage: 1e1b62a9997399593e4b9c4ecfbbabbf1d3f3b54

PODFILE CHECKSUM: b4684f9bbd53dcff77b3561f5e6a5bf2db787eb3

COCOAPODS: 1.16.2
